// !$*UTF8*$!
{
	archiveVersion = 1;
	classes = {
	};
	objectVersion = 46;
	objects = {

/* Begin PBXBuildFile section */
		8A33A8771E55C5F800520209 /* main.cpp in Sources */ = {isa = PBXBuildFile; fileRef = 8A33A8761E55C5F800520209 /* main.cpp */; };
		8A33A8821E55F7BA00520209 /* timer.cpp in Sources */ = {isa = PBXBuildFile; fileRef = 8A33A8801E55F7BA00520209 /* timer.cpp */; };
/* End PBXBuildFile section */

/* Begin PBXCopyFilesBuildPhase section */
		8A33A8711E55C5F700520209 /* CopyFiles */ = {
			isa = PBXCopyFilesBuildPhase;
			buildActionMask = 2147483647;
			dstPath = /usr/share/man/man1/;
			dstSubfolderSpec = 0;
			files = (
			);
			runOnlyForDeploymentPostprocessing = 1;
		};
/* End PBXCopyFilesBuildPhase section */

/* Begin PBXFileReference section */
		8A33A8731E55C5F800520209 /* Alquerque */ = {isa = PBXFileReference; explicitFileType = "compiled.mach-o.executable"; includeInIndex = 0; path = Alquerque; sourceTree = BUILT_PRODUCTS_DIR; };
		8A33A8761E55C5F800520209 /* main.cpp */ = {isa = PBXFileReference; lastKnownFileType = sourcecode.cpp.cpp; path = main.cpp; sourceTree = "<group>"; };
		8A33A8801E55F7BA00520209 /* timer.cpp */ = {isa = PBXFileReference; fileEncoding = 4; lastKnownFileType = sourcecode.cpp.cpp; path = timer.cpp; sourceTree = "<group>"; };
		8A33A8811E55F7BA00520209 /* timer.hpp */ = {isa = PBXFileReference; fileEncoding = 4; lastKnownFileType = sourcecode.cpp.h; path = timer.hpp; sourceTree = "<group>"; };
		8A33A8831E5613CB00520209 /* types.h */ = {isa = PBXFileReference; lastKnownFileType = sourcecode.c.h; path = types.h; sourceTree = "<group>"; };
		8A33A8841E5618EC00520209 /* constant.h */ = {isa = PBXFileReference; lastKnownFileType = sourcecode.c.h; path = constant.h; sourceTree = "<group>"; };
/* End PBXFileReference section */

/* Begin PBXFrameworksBuildPhase section */
		8A33A8701E55C5F700520209 /* Frameworks */ = {
			isa = PBXFrameworksBuildPhase;
			buildActionMask = 2147483647;
			files = (
			);
			runOnlyForDeploymentPostprocessing = 0;
		};
/* End PBXFrameworksBuildPhase section */

/* Begin PBXGroup section */
		8A33A86A1E55C5F700520209 = {
			isa = PBXGroup;
			children = (
				8A33A8751E55C5F800520209 /* Alquerque */,
				8A33A8741E55C5F800520209 /* Products */,
			);
			sourceTree = "<group>";
		};
		8A33A8741E55C5F800520209 /* Products */ = {
			isa = PBXGroup;
			children = (
				8A33A8731E55C5F800520209 /* Alquerque */,
			);
			name = Products;
			sourceTree = "<group>";
		};
		8A33A8751E55C5F800520209 /* Alquerque */ = {
			isa = PBXGroup;
			children = (
				8A33A8761E55C5F800520209 /* main.cpp */,
				8A33A8801E55F7BA00520209 /* timer.cpp */,
				8A33A8811E55F7BA00520209 /* timer.hpp */,
				8A33A8831E5613CB00520209 /* types.h */,
				8A33A8841E5618EC00520209 /* constant.h */,
			);
			path = Alquerque;
			sourceTree = "<group>";
		};
/* End PBXGroup section */

/* Begin PBXNativeTarget section */
		8A33A8721E55C5F700520209 /* Alquerque */ = {
			isa = PBXNativeTarget;
			buildConfigurationList = 8A33A87A1E55C5F800520209 /* Build configuration list for PBXNativeTarget "Alquerque" */;
			buildPhases = (
				8A33A86F1E55C5F700520209 /* Sources */,
				8A33A8701E55C5F700520209 /* Frameworks */,
				8A33A8711E55C5F700520209 /* CopyFiles */,
			);
			buildRules = (
			);
			dependencies = (
			);
			name = Alquerque;
			productName = Alquerque;
			productReference = 8A33A8731E55C5F800520209 /* Alquerque */;
			productType = "com.apple.product-type.tool";
		};
/* End PBXNativeTarget section */

/* Begin PBXProject section */
		8A33A86B1E55C5F700520209 /* Project object */ = {
			isa = PBXProject;
			attributes = {
				LastUpgradeCheck = 0820;
				ORGANIZATIONNAME = "Jitendra S. Kushwaha";
				TargetAttributes = {
					8A33A8721E55C5F700520209 = {
						CreatedOnToolsVersion = 8.2.1;
						ProvisioningStyle = Automatic;
					};
				};
			};
			buildConfigurationList = 8A33A86E1E55C5F700520209 /* Build configuration list for PBXProject "Alquerque" */;
			compatibilityVersion = "Xcode 3.2";
			developmentRegion = English;
			hasScannedForEncodings = 0;
			knownRegions = (
				en,
			);
			mainGroup = 8A33A86A1E55C5F700520209;
			productRefGroup = 8A33A8741E55C5F800520209 /* Products */;
			projectDirPath = "";
			projectRoot = "";
			targets = (
				8A33A8721E55C5F700520209 /* Alquerque */,
			);
		};
/* End PBXProject section */

/* Begin PBXSourcesBuildPhase section */
		8A33A86F1E55C5F700520209 /* Sources */ = {
			isa = PBXSourcesBuildPhase;
			buildActionMask = 2147483647;
			files = (
				8A33A8771E55C5F800520209 /* main.cpp in Sources */,
				8A33A8821E55F7BA00520209 /* timer.cpp in Sources */,
			);
			runOnlyForDeploymentPostprocessing = 0;
		};
/* End PBXSourcesBuildPhase section */

/* Begin XCBuildConfiguration section */
		8A33A8781E55C5F800520209 /* Debug */ = {
			isa = XCBuildConfiguration;
			buildSettings = {
				ALWAYS_SEARCH_USER_PATHS = NO;
				CLANG_ANALYZER_NONNULL = YES;
				CLANG_CXX_LANGUAGE_STANDARD = "gnu++0x";
				CLANG_CXX_LIBRARY = "libc++";
				CLANG_ENABLE_MODULES = YES;
				CLANG_ENABLE_OBJC_ARC = YES;
				CLANG_WARN_BOOL_CONVERSION = YES;
				CLANG_WARN_CONSTANT_CONVERSION = YES;
				CLANG_WARN_DIRECT_OBJC_ISA_USAGE = YES_ERROR;
				CLANG_WARN_DOCUMENTATION_COMMENTS = YES;
				CLANG_WARN_EMPTY_BODY = YES;
				CLANG_WARN_ENUM_CONVERSION = YES;
				CLANG_WARN_INFINITE_RECURSION = YES;
				CLANG_WARN_INT_CONVERSION = YES;
				CLANG_WARN_OBJC_ROOT_CLASS = YES_ERROR;
				CLANG_WARN_SUSPICIOUS_MOVE = YES;
				CLANG_WARN_UNREACHABLE_CODE = YES;
				CLANG_WARN__DUPLICATE_METHOD_MATCH = YES;
				CODE_SIGN_IDENTITY = "-";
				COPY_PHASE_STRIP = NO;
				DEBUG_INFORMATION_FORMAT = dwarf;
				ENABLE_STRICT_OBJC_MSGSEND = YES;
				ENABLE_TESTABILITY = YES;
				GCC_C_LANGUAGE_STANDARD = gnu99;
				GCC_DYNAMIC_NO_PIC = NO;
				GCC_NO_COMMON_BLOCKS = YES;
				GCC_OPTIMIZATION_LEVEL = 0;
				GCC_PREPROCESSOR_DEFINITIONS = (
					"DEBUG=1",
					"$(inherited)",
				);
				GCC_WARN_64_TO_32_BIT_CONVERSION = YES;
				GCC_WARN_ABOUT_RETURN_TYPE = YES_ERROR;
				GCC_WARN_UNDECLARED_SELECTOR = YES;
				GCC_WARN_UNINITIALIZED_AUTOS = YES_AGGRESSIVE;
				GCC_WARN_UNUSED_FUNCTION = YES;
				GCC_WARN_UNUSED_VARIABLE = YES;
				MACOSX_DEPLOYMENT_TARGET = 10.12;
				MTL_ENABLE_DEBUG_INFO = YES;
				ONLY_ACTIVE_ARCH = YES;
				SDKROOT = macosx;
			};
			name = Debug;
		};
		8A33A8791E55C5F800520209 /* Release */ = {
			isa = XCBuildConfiguration;
			buildSettings = {
				ALWAYS_SEARCH_USER_PATHS = NO;
				CLANG_ANALYZER_NONNULL = YES;
				CLANG_CXX_LANGUAGE_STANDARD = "gnu++0x";
				CLANG_CXX_LIBRARY = "libc++";
				CLANG_ENABLE_MODULES = YES;
				CLANG_ENABLE_OBJC_ARC = YES;
				CLANG_WARN_BOOL_CONVERSION = YES;
				CLANG_WARN_CONSTANT_CONVERSION = YES;
				CLANG_WARN_DIRECT_OBJC_ISA_USAGE = YES_ERROR;
				CLANG_WARN_DOCUMENTATION_COMMENTS = YES;
				CLANG_WARN_EMPTY_BODY = YES;
				CLANG_WARN_ENUM_CONVERSION = YES;
				CLANG_WARN_INFINITE_RECURSION = YES;
				CLANG_WARN_INT_CONVERSION = YES;
				CLANG_WARN_OBJC_ROOT_CLASS = YES_ERROR;
				CLANG_WARN_SUSPICIOUS_MOVE = YES;
				CLANG_WARN_UNREACHABLE_CODE = YES;
				CLANG_WARN__DUPLICATE_METHOD_MATCH = YES;
				CODE_SIGN_IDENTITY = "-";
				COPY_PHASE_STRIP = NO;
				DEBUG_INFORMATION_FORMAT = "dwarf-with-dsym";
				ENABLE_NS_ASSERTIONS = NO;
				ENABLE_STRICT_OBJC_MSGSEND = YES;
				GCC_C_LANGUAGE_STANDARD = gnu99;
				GCC_NO_COMMON_BLOCKS = YES;
				GCC_WARN_64_TO_32_BIT_CONVERSION = YES;
				GCC_WARN_ABOUT_RETURN_TYPE = YES_ERROR;
				GCC_WARN_UNDECLARED_SELECTOR = YES;
				GCC_WARN_UNINITIALIZED_AUTOS = YES_AGGRESSIVE;
				GCC_WARN_UNUSED_FUNCTION = YES;
				GCC_WARN_UNUSED_VARIABLE = YES;
				MACOSX_DEPLOYMENT_TARGET = 10.12;
				MTL_ENABLE_DEBUG_INFO = NO;
				SDKROOT = macosx;
			};
			name = Release;
		};
		8A33A87B1E55C5F800520209 /* Debug */ = {
			isa = XCBuildConfiguration;
			buildSettings = {
				PRODUCT_NAME = "$(TARGET_NAME)";
				SYMROOT = ./build;
			};
			name = Debug;
		};
		8A33A87C1E55C5F800520209 /* Release */ = {
			isa = XCBuildConfiguration;
			buildSettings = {
				PRODUCT_NAME = "$(TARGET_NAME)";
				SYMROOT = ./build;
			};
			name = Release;
		};
/* End XCBuildConfiguration section */

/* Begin XCConfigurationList section */
		8A33A86E1E55C5F700520209 /* Build configuration list for PBXProject "Alquerque" */ = {
			isa = XCConfigurationList;
			buildConfigurations = (
				8A33A8781E55C5F800520209 /* Debug */,
				8A33A8791E55C5F800520209 /* Release */,
			);
			defaultConfigurationIsVisible = 0;
			defaultConfigurationName = Release;
		};
		8A33A87A1E55C5F800520209 /* Build configuration list for PBXNativeTarget "Alquerque" */ = {
			isa = XCConfigurationList;
			buildConfigurations = (
				8A33A87B1E55C5F800520209 /* Debug */,
				8A33A87C1E55C5F800520209 /* Release */,
			);
			defaultConfigurationIsVisible = 0;
			defaultConfigurationName = Release;
		};
/* End XCConfigurationList section */
	};
	rootObject = 8A33A86B1E55C5F700520209 /* Project object */;
}
